
Microsoft Visual Studio Solution File, Format Version 12.00
# Visual Studio Version 16
VisualStudioVersion = 16.0.28803.352
MinimumVisualStudioVersion = 10.0.40219.1
Project("{FAE04EC0-301F-11D3-BF4B-00C04F79EFBC}") = "RoboBear", "RoboBear.csproj", "{67EE5677-B2BD-4949-AB2A-24B7557E6463}"
EndProject
Global
	GlobalSection(SolutionConfigurationPlatforms) = preSolution
		Debug|x86 = Debug|x86
		Release|x86 = Release|x86
	EndGlobalSection
	GlobalSection(ProjectConfigurationPlatforms) = postSolution
		{67EE5677-B2BD-4949-AB2A-24B7557E6463}.Debug|x86.ActiveCfg = Debug|x86
		{67EE5677-B2BD-4949-AB2A-24B7557E6463}.Debug|x86.Build.0 = Debug|x86
		{67EE5677-B2BD-4949-AB2A-24B7557E6463}.Release|x86.ActiveCfg = Release|x86
		{67EE5677-B2BD-4949-AB2A-24B7557E6463}.Release|x86.Build.0 = Release|x86
	EndGlobalSection
	GlobalSection(SolutionProperties) = preSolution
		HideSolutionNode = FALSE
	EndGlobalSection
	GlobalSection(ExtensibilityGlobals) = postSolution
		SolutionGuid = {C87B8CC3-987F-49DD-951B-9965B1FDD344}
	EndGlobalSection
EndGlobal
